// !$*UTF8*$!
{
	archiveVersion = 1;
	classes = {
	};
	objectVersion = 56;
	objects = {

/* Begin PBXBuildFile section */
		04597E1B2A0AC14C00AFBF66 /* UserInfoVC.swift in Sources */ = {isa = PBXBuildFile; fileRef = 04597E1A2A0AC14C00AFBF66 /* UserInfoVC.swift */; };
		04A2A1D02A17FA2800B23D64 /* GFItemInfoView.swift in Sources */ = {isa = PBXBuildFile; fileRef = 04A2A1CF2A17FA2800B23D64 /* GFItemInfoView.swift */; };
		04A2A1D22A18020F00B23D64 /* GFItemInfoVC.swift in Sources */ = {isa = PBXBuildFile; fileRef = 04A2A1D12A18020F00B23D64 /* GFItemInfoVC.swift */; };
		04C17F0C29F1E3910077A9A1 /* GFEmptyStateView.swift in Sources */ = {isa = PBXBuildFile; fileRef = 04C17F0B29F1E3910077A9A1 /* GFEmptyStateView.swift */; };
		04C342232A0D7135006FD923 /* GFSecondaryTitleLabel.swift in Sources */ = {isa = PBXBuildFile; fileRef = 04C342222A0D7135006FD923 /* GFSecondaryTitleLabel.swift */; };
		04C342252A0D7162006FD923 /* GFUserInfoHeaderVC.swift in Sources */ = {isa = PBXBuildFile; fileRef = 04C342242A0D7162006FD923 /* GFUserInfoHeaderVC.swift */; };
		04C342272A0EFEF2006FD923 /* Constants.swift in Sources */ = {isa = PBXBuildFile; fileRef = 04C342262A0EFEF2006FD923 /* Constants.swift */; };
		A811B72729C13D89006A8BE5 /* FollowerListVC.swift in Sources */ = {isa = PBXBuildFile; fileRef = A811B72629C13D89006A8BE5 /* FollowerListVC.swift */; };
		A811B72929C27854006A8BE5 /* GFTitleLabel.swift in Sources */ = {isa = PBXBuildFile; fileRef = A811B72829C27854006A8BE5 /* GFTitleLabel.swift */; };
		A811B72B29C279D3006A8BE5 /* GFBodyLabel.swift in Sources */ = {isa = PBXBuildFile; fileRef = A811B72A29C279D3006A8BE5 /* GFBodyLabel.swift */; };
		A811B72D29C3B48F006A8BE5 /* GFAlertVC.swift in Sources */ = {isa = PBXBuildFile; fileRef = A811B72C29C3B48E006A8BE5 /* GFAlertVC.swift */; };
		A811B72F29C3BC7A006A8BE5 /* UIViewController+Ext.swift in Sources */ = {isa = PBXBuildFile; fileRef = A811B72E29C3BC7A006A8BE5 /* UIViewController+Ext.swift */; };
		A8180556299EBE600099AC06 /* AppDelegate.swift in Sources */ = {isa = PBXBuildFile; fileRef = A8180555299EBE600099AC06 /* AppDelegate.swift */; };
		A8180558299EBE600099AC06 /* SceneDelegate.swift in Sources */ = {isa = PBXBuildFile; fileRef = A8180557299EBE600099AC06 /* SceneDelegate.swift */; };
		A818055F299EBE610099AC06 /* Assets.xcassets in Resources */ = {isa = PBXBuildFile; fileRef = A818055E299EBE610099AC06 /* Assets.xcassets */; };
		A8180562299EBE610099AC06 /* LaunchScreen.storyboard in Resources */ = {isa = PBXBuildFile; fileRef = A8180560299EBE610099AC06 /* LaunchScreen.storyboard */; };
		A83845A729C6057E00FE73A4 /* Follower.swift in Sources */ = {isa = PBXBuildFile; fileRef = A83845A629C6057E00FE73A4 /* Follower.swift */; };
		A83845A929C6063400FE73A4 /* User.swift in Sources */ = {isa = PBXBuildFile; fileRef = A83845A829C6063400FE73A4 /* User.swift */; };
		A83845AC29CA559200FE73A4 /* NetworkManager.swift in Sources */ = {isa = PBXBuildFile; fileRef = A83845AB29CA559200FE73A4 /* NetworkManager.swift */; };
		A847BC8329D4A41600165256 /* UIHelper.swift in Sources */ = {isa = PBXBuildFile; fileRef = A847BC8229D4A41600165256 /* UIHelper.swift */; };
		A88CDDB429CB669400BD62A8 /* GFError.swift in Sources */ = {isa = PBXBuildFile; fileRef = A88CDDB329CB669300BD62A8 /* GFError.swift */; };
		A8A5748729A3DE6300BE4455 /* SearchVC.swift in Sources */ = {isa = PBXBuildFile; fileRef = A8A5748629A3DE6300BE4455 /* SearchVC.swift */; };
		A8A5748929A3DE8D00BE4455 /* FavoritesListVC.swift in Sources */ = {isa = PBXBuildFile; fileRef = A8A5748829A3DE8D00BE4455 /* FavoritesListVC.swift */; };
		A8C5F31229CD075B00BF88D3 /* FollowerCell.swift in Sources */ = {isa = PBXBuildFile; fileRef = A8C5F31129CD075B00BF88D3 /* FollowerCell.swift */; };
		A8C5F31429CD07E900BF88D3 /* GFAvatarImageView.swift in Sources */ = {isa = PBXBuildFile; fileRef = A8C5F31329CD07E900BF88D3 /* GFAvatarImageView.swift */; };
		A8C696E129A56C6900D6C8BF /* GFButton.swift in Sources */ = {isa = PBXBuildFile; fileRef = A8C696E029A56C6900D6C8BF /* GFButton.swift */; };
		A8C696E329A571A400D6C8BF /* GFTextField.swift in Sources */ = {isa = PBXBuildFile; fileRef = A8C696E229A571A400D6C8BF /* GFTextField.swift */; };
/* End PBXBuildFile section */

/* Begin PBXFileReference section */
		04597E1A2A0AC14C00AFBF66 /* UserInfoVC.swift */ = {isa = PBXFileReference; lastKnownFileType = sourcecode.swift; path = UserInfoVC.swift; sourceTree = "<group>"; };
		04A2A1CF2A17FA2800B23D64 /* GFItemInfoView.swift */ = {isa = PBXFileReference; lastKnownFileType = sourcecode.swift; path = GFItemInfoView.swift; sourceTree = "<group>"; };
		04A2A1D12A18020F00B23D64 /* GFItemInfoVC.swift */ = {isa = PBXFileReference; lastKnownFileType = sourcecode.swift; path = GFItemInfoVC.swift; sourceTree = "<group>"; };
		04C17F0B29F1E3910077A9A1 /* GFEmptyStateView.swift */ = {isa = PBXFileReference; lastKnownFileType = sourcecode.swift; path = GFEmptyStateView.swift; sourceTree = "<group>"; };
		04C342222A0D7135006FD923 /* GFSecondaryTitleLabel.swift */ = {isa = PBXFileReference; lastKnownFileType = sourcecode.swift; path = GFSecondaryTitleLabel.swift; sourceTree = "<group>"; };
		04C342242A0D7162006FD923 /* GFUserInfoHeaderVC.swift */ = {isa = PBXFileReference; lastKnownFileType = sourcecode.swift; path = GFUserInfoHeaderVC.swift; sourceTree = "<group>"; };
		04C342262A0EFEF2006FD923 /* Constants.swift */ = {isa = PBXFileReference; lastKnownFileType = sourcecode.swift; path = Constants.swift; sourceTree = "<group>"; };
		A811B72629C13D89006A8BE5 /* FollowerListVC.swift */ = {isa = PBXFileReference; lastKnownFileType = sourcecode.swift; path = FollowerListVC.swift; sourceTree = "<group>"; };
		A811B72829C27854006A8BE5 /* GFTitleLabel.swift */ = {isa = PBXFileReference; lastKnownFileType = sourcecode.swift; path = GFTitleLabel.swift; sourceTree = "<group>"; };
		A811B72A29C279D3006A8BE5 /* GFBodyLabel.swift */ = {isa = PBXFileReference; lastKnownFileType = sourcecode.swift; path = GFBodyLabel.swift; sourceTree = "<group>"; };
		A811B72C29C3B48E006A8BE5 /* GFAlertVC.swift */ = {isa = PBXFileReference; lastKnownFileType = sourcecode.swift; path = GFAlertVC.swift; sourceTree = "<group>"; };
		A811B72E29C3BC7A006A8BE5 /* UIViewController+Ext.swift */ = {isa = PBXFileReference; lastKnownFileType = sourcecode.swift; path = "UIViewController+Ext.swift"; sourceTree = "<group>"; };
		A8180552299EBE600099AC06 /* GHFollowers.app */ = {isa = PBXFileReference; explicitFileType = wrapper.application; includeInIndex = 0; path = GHFollowers.app; sourceTree = BUILT_PRODUCTS_DIR; };
		A8180555299EBE600099AC06 /* AppDelegate.swift */ = {isa = PBXFileReference; lastKnownFileType = sourcecode.swift; path = AppDelegate.swift; sourceTree = "<group>"; };
		A8180557299EBE600099AC06 /* SceneDelegate.swift */ = {isa = PBXFileReference; lastKnownFileType = sourcecode.swift; path = SceneDelegate.swift; sourceTree = "<group>"; };
		A818055E299EBE610099AC06 /* Assets.xcassets */ = {isa = PBXFileReference; lastKnownFileType = folder.assetcatalog; path = Assets.xcassets; sourceTree = "<group>"; };
		A8180561299EBE610099AC06 /* Base */ = {isa = PBXFileReference; lastKnownFileType = file.storyboard; name = Base; path = Base.lproj/LaunchScreen.storyboard; sourceTree = "<group>"; };
		A8180563299EBE610099AC06 /* Info.plist */ = {isa = PBXFileReference; lastKnownFileType = text.plist.xml; path = Info.plist; sourceTree = "<group>"; };
		A83845A629C6057E00FE73A4 /* Follower.swift */ = {isa = PBXFileReference; lastKnownFileType = sourcecode.swift; path = Follower.swift; sourceTree = "<group>"; };
		A83845A829C6063400FE73A4 /* User.swift */ = {isa = PBXFileReference; lastKnownFileType = sourcecode.swift; path = User.swift; sourceTree = "<group>"; };
		A83845AB29CA559200FE73A4 /* NetworkManager.swift */ = {isa = PBXFileReference; lastKnownFileType = sourcecode.swift; path = NetworkManager.swift; sourceTree = "<group>"; };
		A847BC8229D4A41600165256 /* UIHelper.swift */ = {isa = PBXFileReference; lastKnownFileType = sourcecode.swift; path = UIHelper.swift; sourceTree = "<group>"; };
		A88CDDB329CB669300BD62A8 /* GFError.swift */ = {isa = PBXFileReference; lastKnownFileType = sourcecode.swift; path = GFError.swift; sourceTree = "<group>"; };
		A8A5748629A3DE6300BE4455 /* SearchVC.swift */ = {isa = PBXFileReference; lastKnownFileType = sourcecode.swift; path = SearchVC.swift; sourceTree = "<group>"; };
		A8A5748829A3DE8D00BE4455 /* FavoritesListVC.swift */ = {isa = PBXFileReference; lastKnownFileType = sourcecode.swift; path = FavoritesListVC.swift; sourceTree = "<group>"; };
		A8C5F31129CD075B00BF88D3 /* FollowerCell.swift */ = {isa = PBXFileReference; lastKnownFileType = sourcecode.swift; path = FollowerCell.swift; sourceTree = "<group>"; };
		A8C5F31329CD07E900BF88D3 /* GFAvatarImageView.swift */ = {isa = PBXFileReference; lastKnownFileType = sourcecode.swift; path = GFAvatarImageView.swift; sourceTree = "<group>"; };
		A8C696E029A56C6900D6C8BF /* GFButton.swift */ = {isa = PBXFileReference; lastKnownFileType = sourcecode.swift; path = GFButton.swift; sourceTree = "<group>"; };
		A8C696E229A571A400D6C8BF /* GFTextField.swift */ = {isa = PBXFileReference; lastKnownFileType = sourcecode.swift; path = GFTextField.swift; sourceTree = "<group>"; };
/* End PBXFileReference section */

/* Begin PBXFrameworksBuildPhase section */
		A818054F299EBE600099AC06 /* Frameworks */ = {
			isa = PBXFrameworksBuildPhase;
			buildActionMask = 2147483647;
			files = (
			);
			runOnlyForDeploymentPostprocessing = 0;
		};
/* End PBXFrameworksBuildPhase section */

/* Begin PBXGroup section */
		04C17F0529F1E30B0077A9A1 /* Views */ = {
			isa = PBXGroup;
			children = (
				04C17F0B29F1E3910077A9A1 /* GFEmptyStateView.swift */,
				04A2A1CF2A17FA2800B23D64 /* GFItemInfoView.swift */,
			);
			path = Views;
			sourceTree = "<group>";
		};
		04C17F0629F1E3120077A9A1 /* Buttons */ = {
			isa = PBXGroup;
			children = (
				A8C696E029A56C6900D6C8BF /* GFButton.swift */,
			);
			path = Buttons;
			sourceTree = "<group>";
		};
		04C17F0729F1E3180077A9A1 /* TextFields */ = {
			isa = PBXGroup;
			children = (
				A8C696E229A571A400D6C8BF /* GFTextField.swift */,
			);
			path = TextFields;
			sourceTree = "<group>";
		};
		04C17F0829F1E31F0077A9A1 /* ImageViews */ = {
			isa = PBXGroup;
			children = (
				A8C5F31329CD07E900BF88D3 /* GFAvatarImageView.swift */,
			);
			path = ImageViews;
			sourceTree = "<group>";
		};
		04C17F0929F1E32D0077A9A1 /* ViewControllers */ = {
			isa = PBXGroup;
			children = (
				A811B72C29C3B48E006A8BE5 /* GFAlertVC.swift */,
				04C342242A0D7162006FD923 /* GFUserInfoHeaderVC.swift */,
				04A2A1D12A18020F00B23D64 /* GFItemInfoVC.swift */,
			);
			path = ViewControllers;
			sourceTree = "<group>";
		};
		04C17F0A29F1E34C0077A9A1 /* Labels */ = {
			isa = PBXGroup;
			children = (
				A811B72829C27854006A8BE5 /* GFTitleLabel.swift */,
				A811B72A29C279D3006A8BE5 /* GFBodyLabel.swift */,
				04C342222A0D7135006FD923 /* GFSecondaryTitleLabel.swift */,
			);
			path = Labels;
			sourceTree = "<group>";
		};
		A811B73029C5FF76006A8BE5 /* Screens */ = {
			isa = PBXGroup;
			children = (
				A811B72629C13D89006A8BE5 /* FollowerListVC.swift */,
				A8A5748829A3DE8D00BE4455 /* FavoritesListVC.swift */,
				A8A5748629A3DE6300BE4455 /* SearchVC.swift */,
				04597E1A2A0AC14C00AFBF66 /* UserInfoVC.swift */,
			);
			path = Screens;
			sourceTree = "<group>";
		};
		A811B73129C5FFAD006A8BE5 /* Custom Views */ = {
			isa = PBXGroup;
			children = (
				04C17F0A29F1E34C0077A9A1 /* Labels */,
				04C17F0929F1E32D0077A9A1 /* ViewControllers */,
				04C17F0829F1E31F0077A9A1 /* ImageViews */,
				04C17F0729F1E3180077A9A1 /* TextFields */,
				04C17F0629F1E3120077A9A1 /* Buttons */,
				04C17F0529F1E30B0077A9A1 /* Views */,
				A8C5F31029CD073800BF88D3 /* Cells */,
			);
			path = "Custom Views";
			sourceTree = "<group>";
		};
		A811B73229C5FFDC006A8BE5 /* Extensions */ = {
			isa = PBXGroup;
			children = (
				A811B72E29C3BC7A006A8BE5 /* UIViewController+Ext.swift */,
			);
			path = Extensions;
			sourceTree = "<group>";
		};
		A811B73329C60125006A8BE5 /* Support */ = {
			isa = PBXGroup;
			children = (
				A8180555299EBE600099AC06 /* AppDelegate.swift */,
				A8180557299EBE600099AC06 /* SceneDelegate.swift */,
				A818055E299EBE610099AC06 /* Assets.xcassets */,
				A8180560299EBE610099AC06 /* LaunchScreen.storyboard */,
			);
			path = Support;
			sourceTree = "<group>";
		};
		A8180549299EBE600099AC06 = {
			isa = PBXGroup;
			children = (
				A8180554299EBE600099AC06 /* GHFollowers */,
				A8180553299EBE600099AC06 /* Products */,
			);
			sourceTree = "<group>";
		};
		A8180553299EBE600099AC06 /* Products */ = {
			isa = PBXGroup;
			children = (
				A8180552299EBE600099AC06 /* GHFollowers.app */,
			);
			name = Products;
			sourceTree = "<group>";
		};
		A8180554299EBE600099AC06 /* GHFollowers */ = {
			isa = PBXGroup;
			children = (
				A88CDDB229CB668000BD62A8 /* Utilities */,
				A83845AA29CA558300FE73A4 /* Managers */,
				A8180563299EBE610099AC06 /* Info.plist */,
				A83845A529C6057100FE73A4 /* Model */,
				A811B73129C5FFAD006A8BE5 /* Custom Views */,
				A811B73229C5FFDC006A8BE5 /* Extensions */,
				A811B73029C5FF76006A8BE5 /* Screens */,
				A811B73329C60125006A8BE5 /* Support */,
			);
			path = GHFollowers;
			sourceTree = "<group>";
		};
		A83845A529C6057100FE73A4 /* Model */ = {
			isa = PBXGroup;
			children = (
				A83845A629C6057E00FE73A4 /* Follower.swift */,
				A83845A829C6063400FE73A4 /* User.swift */,
			);
			path = Model;
			sourceTree = "<group>";
		};
		A83845AA29CA558300FE73A4 /* Managers */ = {
			isa = PBXGroup;
			children = (
				A83845AB29CA559200FE73A4 /* NetworkManager.swift */,
			);
			path = Managers;
			sourceTree = "<group>";
		};
		A88CDDB229CB668000BD62A8 /* Utilities */ = {
			isa = PBXGroup;
			children = (
				A88CDDB329CB669300BD62A8 /* GFError.swift */,
				A847BC8229D4A41600165256 /* UIHelper.swift */,
				04C342262A0EFEF2006FD923 /* Constants.swift */,
			);
			path = Utilities;
			sourceTree = "<group>";
		};
		A8C5F31029CD073800BF88D3 /* Cells */ = {
			isa = PBXGroup;
			children = (
				A8C5F31129CD075B00BF88D3 /* FollowerCell.swift */,
			);
			path = Cells;
			sourceTree = "<group>";
		};
/* End PBXGroup section */

/* Begin PBXNativeTarget section */
		A8180551299EBE600099AC06 /* GHFollowers */ = {
			isa = PBXNativeTarget;
			buildConfigurationList = A8180566299EBE610099AC06 /* Build configuration list for PBXNativeTarget "GHFollowers" */;
			buildPhases = (
				A818054E299EBE600099AC06 /* Sources */,
				A818054F299EBE600099AC06 /* Frameworks */,
				A8180550299EBE600099AC06 /* Resources */,
			);
			buildRules = (
			);
			dependencies = (
			);
			name = GHFollowers;
			productName = GHFollowers;
			productReference = A8180552299EBE600099AC06 /* GHFollowers.app */;
			productType = "com.apple.product-type.application";
		};
/* End PBXNativeTarget section */

/* Begin PBXProject section */
		A818054A299EBE600099AC06 /* Project object */ = {
			isa = PBXProject;
			attributes = {
				BuildIndependentTargetsInParallel = 1;
				LastSwiftUpdateCheck = 1420;
				LastUpgradeCheck = 1420;
				TargetAttributes = {
					A8180551299EBE600099AC06 = {
						CreatedOnToolsVersion = 14.2;
					};
				};
			};
			buildConfigurationList = A818054D299EBE600099AC06 /* Build configuration list for PBXProject "GHFollowers" */;
			compatibilityVersion = "Xcode 14.0";
			developmentRegion = en;
			hasScannedForEncodings = 0;
			knownRegions = (
				en,
				Base,
			);
			mainGroup = A8180549299EBE600099AC06;
			productRefGroup = A8180553299EBE600099AC06 /* Products */;
			projectDirPath = "";
			projectRoot = "";
			targets = (
				A8180551299EBE600099AC06 /* GHFollowers */,
			);
		};
/* End PBXProject section */

/* Begin PBXResourcesBuildPhase section */
		A8180550299EBE600099AC06 /* Resources */ = {
			isa = PBXResourcesBuildPhase;
			buildActionMask = 2147483647;
			files = (
				A8180562299EBE610099AC06 /* LaunchScreen.storyboard in Resources */,
				A818055F299EBE610099AC06 /* Assets.xcassets in Resources */,
			);
			runOnlyForDeploymentPostprocessing = 0;
		};
/* End PBXResourcesBuildPhase section */

/* Begin PBXSourcesBuildPhase section */
		A818054E299EBE600099AC06 /* Sources */ = {
			isa = PBXSourcesBuildPhase;
			buildActionMask = 2147483647;
			files = (
				A83845A929C6063400FE73A4 /* User.swift in Sources */,
				A8C696E329A571A400D6C8BF /* GFTextField.swift in Sources */,
				A8A5748929A3DE8D00BE4455 /* FavoritesListVC.swift in Sources */,
				04C342252A0D7162006FD923 /* GFUserInfoHeaderVC.swift in Sources */,
				A8C696E129A56C6900D6C8BF /* GFButton.swift in Sources */,
				A811B72F29C3BC7A006A8BE5 /* UIViewController+Ext.swift in Sources */,
				04A2A1D22A18020F00B23D64 /* GFItemInfoVC.swift in Sources */,
				04C342272A0EFEF2006FD923 /* Constants.swift in Sources */,
				A847BC8329D4A41600165256 /* UIHelper.swift in Sources */,
				A8C5F31429CD07E900BF88D3 /* GFAvatarImageView.swift in Sources */,
				04C342232A0D7135006FD923 /* GFSecondaryTitleLabel.swift in Sources */,
				04A2A1D02A17FA2800B23D64 /* GFItemInfoView.swift in Sources */,
				A8A5748729A3DE6300BE4455 /* SearchVC.swift in Sources */,
				A811B72D29C3B48F006A8BE5 /* GFAlertVC.swift in Sources */,
				A8C5F31229CD075B00BF88D3 /* FollowerCell.swift in Sources */,
				A88CDDB429CB669400BD62A8 /* GFError.swift in Sources */,
				A811B72B29C279D3006A8BE5 /* GFBodyLabel.swift in Sources */,
				A83845A729C6057E00FE73A4 /* Follower.swift in Sources */,
				A811B72929C27854006A8BE5 /* GFTitleLabel.swift in Sources */,
				04C17F0C29F1E3910077A9A1 /* GFEmptyStateView.swift in Sources */,
				A83845AC29CA559200FE73A4 /* NetworkManager.swift in Sources */,
				A811B72729C13D89006A8BE5 /* FollowerListVC.swift in Sources */,
				A8180556299EBE600099AC06 /* AppDelegate.swift in Sources */,
				A8180558299EBE600099AC06 /* SceneDelegate.swift in Sources */,
				04597E1B2A0AC14C00AFBF66 /* UserInfoVC.swift in Sources */,
			);
			runOnlyForDeploymentPostprocessing = 0;
		};
/* End PBXSourcesBuildPhase section */

/* Begin PBXVariantGroup section */
		A8180560299EBE610099AC06 /* LaunchScreen.storyboard */ = {
			isa = PBXVariantGroup;
			children = (
				A8180561299EBE610099AC06 /* Base */,
			);
			name = LaunchScreen.storyboard;
			sourceTree = "<group>";
		};
/* End PBXVariantGroup section */

/* Begin XCBuildConfiguration section */
		A8180564299EBE610099AC06 /* Debug */ = {
			isa = XCBuildConfiguration;
			buildSettings = {
				ALWAYS_SEARCH_USER_PATHS = NO;
				CLANG_ANALYZER_NONNULL = YES;
				CLANG_ANALYZER_NUMBER_OBJECT_CONVERSION = YES_AGGRESSIVE;
				CLANG_CXX_LANGUAGE_STANDARD = "gnu++20";
				CLANG_ENABLE_MODULES = YES;
				CLANG_ENABLE_OBJC_ARC = YES;
				CLANG_ENABLE_OBJC_WEAK = YES;
				CLANG_WARN_BLOCK_CAPTURE_AUTORELEASING = YES;
				CLANG_WARN_BOOL_CONVERSION = YES;
				CLANG_WARN_COMMA = YES;
				CLANG_WARN_CONSTANT_CONVERSION = YES;
				CLANG_WARN_DEPRECATED_OBJC_IMPLEMENTATIONS = YES;
				CLANG_WARN_DIRECT_OBJC_ISA_USAGE = YES_ERROR;
				CLANG_WARN_DOCUMENTATION_COMMENTS = YES;
				CLANG_WARN_EMPTY_BODY = YES;
				CLANG_WARN_ENUM_CONVERSION = YES;
				CLANG_WARN_INFINITE_RECURSION = YES;
				CLANG_WARN_INT_CONVERSION = YES;
				CLANG_WARN_NON_LITERAL_NULL_CONVERSION = YES;
				CLANG_WARN_OBJC_IMPLICIT_RETAIN_SELF = YES;
				CLANG_WARN_OBJC_LITERAL_CONVERSION = YES;
				CLANG_WARN_OBJC_ROOT_CLASS = YES_ERROR;
				CLANG_WARN_QUOTED_INCLUDE_IN_FRAMEWORK_HEADER = YES;
				CLANG_WARN_RANGE_LOOP_ANALYSIS = YES;
				CLANG_WARN_STRICT_PROTOTYPES = YES;
				CLANG_WARN_SUSPICIOUS_MOVE = YES;
				CLANG_WARN_UNGUARDED_AVAILABILITY = YES_AGGRESSIVE;
				CLANG_WARN_UNREACHABLE_CODE = YES;
				CLANG_WARN__DUPLICATE_METHOD_MATCH = YES;
				COPY_PHASE_STRIP = NO;
				DEBUG_INFORMATION_FORMAT = dwarf;
				ENABLE_STRICT_OBJC_MSGSEND = YES;
				ENABLE_TESTABILITY = YES;
				GCC_C_LANGUAGE_STANDARD = gnu11;
				GCC_DYNAMIC_NO_PIC = NO;
				GCC_NO_COMMON_BLOCKS = YES;
				GCC_OPTIMIZATION_LEVEL = 0;
				GCC_PREPROCESSOR_DEFINITIONS = (
					"DEBUG=1",
					"$(inherited)",
				);
				GCC_WARN_64_TO_32_BIT_CONVERSION = YES;
				GCC_WARN_ABOUT_RETURN_TYPE = YES_ERROR;
				GCC_WARN_UNDECLARED_SELECTOR = YES;
				GCC_WARN_UNINITIALIZED_AUTOS = YES_AGGRESSIVE;
				GCC_WARN_UNUSED_FUNCTION = YES;
				GCC_WARN_UNUSED_VARIABLE = YES;
				IPHONEOS_DEPLOYMENT_TARGET = 16.2;
				MTL_ENABLE_DEBUG_INFO = INCLUDE_SOURCE;
				MTL_FAST_MATH = YES;
				ONLY_ACTIVE_ARCH = YES;
				SDKROOT = iphoneos;
				SWIFT_ACTIVE_COMPILATION_CONDITIONS = DEBUG;
				SWIFT_OPTIMIZATION_LEVEL = "-Onone";
			};
			name = Debug;
		};
		A8180565299EBE610099AC06 /* Release */ = {
			isa = XCBuildConfiguration;
			buildSettings = {
				ALWAYS_SEARCH_USER_PATHS = NO;
				CLANG_ANALYZER_NONNULL = YES;
				CLANG_ANALYZER_NUMBER_OBJECT_CONVERSION = YES_AGGRESSIVE;
				CLANG_CXX_LANGUAGE_STANDARD = "gnu++20";
				CLANG_ENABLE_MODULES = YES;
				CLANG_ENABLE_OBJC_ARC = YES;
				CLANG_ENABLE_OBJC_WEAK = YES;
				CLANG_WARN_BLOCK_CAPTURE_AUTORELEASING = YES;
				CLANG_WARN_BOOL_CONVERSION = YES;
				CLANG_WARN_COMMA = YES;
				CLANG_WARN_CONSTANT_CONVERSION = YES;
				CLANG_WARN_DEPRECATED_OBJC_IMPLEMENTATIONS = YES;
				CLANG_WARN_DIRECT_OBJC_ISA_USAGE = YES_ERROR;
				CLANG_WARN_DOCUMENTATION_COMMENTS = YES;
				CLANG_WARN_EMPTY_BODY = YES;
				CLANG_WARN_ENUM_CONVERSION = YES;
				CLANG_WARN_INFINITE_RECURSION = YES;
				CLANG_WARN_INT_CONVERSION = YES;
				CLANG_WARN_NON_LITERAL_NULL_CONVERSION = YES;
				CLANG_WARN_OBJC_IMPLICIT_RETAIN_SELF = YES;
				CLANG_WARN_OBJC_LITERAL_CONVERSION = YES;
				CLANG_WARN_OBJC_ROOT_CLASS = YES_ERROR;
				CLANG_WARN_QUOTED_INCLUDE_IN_FRAMEWORK_HEADER = YES;
				CLANG_WARN_RANGE_LOOP_ANALYSIS = YES;
				CLANG_WARN_STRICT_PROTOTYPES = YES;
				CLANG_WARN_SUSPICIOUS_MOVE = YES;
				CLANG_WARN_UNGUARDED_AVAILABILITY = YES_AGGRESSIVE;
				CLANG_WARN_UNREACHABLE_CODE = YES;
				CLANG_WARN__DUPLICATE_METHOD_MATCH = YES;
				COPY_PHASE_STRIP = NO;
				DEBUG_INFORMATION_FORMAT = "dwarf-with-dsym";
				ENABLE_NS_ASSERTIONS = NO;
				ENABLE_STRICT_OBJC_MSGSEND = YES;
				GCC_C_LANGUAGE_STANDARD = gnu11;
				GCC_NO_COMMON_BLOCKS = YES;
				GCC_WARN_64_TO_32_BIT_CONVERSION = YES;
				GCC_WARN_ABOUT_RETURN_TYPE = YES_ERROR;
				GCC_WARN_UNDECLARED_SELECTOR = YES;
				GCC_WARN_UNINITIALIZED_AUTOS = YES_AGGRESSIVE;
				GCC_WARN_UNUSED_FUNCTION = YES;
				GCC_WARN_UNUSED_VARIABLE = YES;
				IPHONEOS_DEPLOYMENT_TARGET = 16.2;
				MTL_ENABLE_DEBUG_INFO = NO;
				MTL_FAST_MATH = YES;
				SDKROOT = iphoneos;
				SWIFT_COMPILATION_MODE = wholemodule;
				SWIFT_OPTIMIZATION_LEVEL = "-O";
				VALIDATE_PRODUCT = YES;
			};
			name = Release;
		};
		A8180567299EBE610099AC06 /* Debug */ = {
			isa = XCBuildConfiguration;
			buildSettings = {
				ASSETCATALOG_COMPILER_APPICON_NAME = AppIcon;
				ASSETCATALOG_COMPILER_GLOBAL_ACCENT_COLOR_NAME = AccentColor;
				CODE_SIGN_STYLE = Automatic;
				CURRENT_PROJECT_VERSION = 1;
				DEVELOPMENT_TEAM = 2PQ5FSYHSV;
				GENERATE_INFOPLIST_FILE = YES;
				INFOPLIST_FILE = GHFollowers/Info.plist;
				INFOPLIST_KEY_UIApplicationSupportsIndirectInputEvents = YES;
				INFOPLIST_KEY_UILaunchStoryboardName = LaunchScreen.storyboard;
				INFOPLIST_KEY_UISupportedInterfaceOrientations = UIInterfaceOrientationPortrait;
				LD_RUNPATH_SEARCH_PATHS = (
					"$(inherited)",
					"@executable_path/Frameworks",
				);
				MARKETING_VERSION = 1.0;
				PRODUCT_BUNDLE_IDENTIFIER = com.duarteich.GHFollowers;
				PRODUCT_NAME = "$(TARGET_NAME)";
				SUPPORTED_PLATFORMS = "iphoneos iphonesimulator";
				SUPPORTS_MACCATALYST = NO;
				SUPPORTS_MAC_DESIGNED_FOR_IPHONE_IPAD = NO;
				SWIFT_EMIT_LOC_STRINGS = YES;
				SWIFT_VERSION = 5.0;
				TARGETED_DEVICE_FAMILY = "1,2";
			};
			name = Debug;
		};
		A8180568299EBE610099AC06 /* Release */ = {
			isa = XCBuildConfiguration;
			buildSettings = {
				ASSETCATALOG_COMPILER_APPICON_NAME = AppIcon;
				ASSETCATALOG_COMPILER_GLOBAL_ACCENT_COLOR_NAME = AccentColor;
				CODE_SIGN_STYLE = Automatic;
				CURRENT_PROJECT_VERSION = 1;
				DEVELOPMENT_TEAM = 2PQ5FSYHSV;
				GENERATE_INFOPLIST_FILE = YES;
				INFOPLIST_FILE = GHFollowers/Info.plist;
				INFOPLIST_KEY_UIApplicationSupportsIndirectInputEvents = YES;
				INFOPLIST_KEY_UILaunchStoryboardName = LaunchScreen.storyboard;
				INFOPLIST_KEY_UISupportedInterfaceOrientations = UIInterfaceOrientationPortrait;
				LD_RUNPATH_SEARCH_PATHS = (
					"$(inherited)",
					"@executable_path/Frameworks",
				);
				MARKETING_VERSION = 1.0;
				PRODUCT_BUNDLE_IDENTIFIER = com.duarteich.GHFollowers;
				PRODUCT_NAME = "$(TARGET_NAME)";
				SUPPORTED_PLATFORMS = "iphoneos iphonesimulator";
				SUPPORTS_MACCATALYST = NO;
				SUPPORTS_MAC_DESIGNED_FOR_IPHONE_IPAD = NO;
				SWIFT_EMIT_LOC_STRINGS = YES;
				SWIFT_VERSION = 5.0;
				TARGETED_DEVICE_FAMILY = "1,2";
			};
			name = Release;
		};
/* End XCBuildConfiguration section */

/* Begin XCConfigurationList section */
		A818054D299EBE600099AC06 /* Build configuration list for PBXProject "GHFollowers" */ = {
			isa = XCConfigurationList;
			buildConfigurations = (
				A8180564299EBE610099AC06 /* Debug */,
				A8180565299EBE610099AC06 /* Release */,
			);
			defaultConfigurationIsVisible = 0;
			defaultConfigurationName = Release;
		};
		A8180566299EBE610099AC06 /* Build configuration list for PBXNativeTarget "GHFollowers" */ = {
			isa = XCConfigurationList;
			buildConfigurations = (
				A8180567299EBE610099AC06 /* Debug */,
				A8180568299EBE610099AC06 /* Release */,
			);
			defaultConfigurationIsVisible = 0;
			defaultConfigurationName = Release;
		};
/* End XCConfigurationList section */
	};
	rootObject = A818054A299EBE600099AC06 /* Project object */;
}
